
Microsoft Visual Studio Solution File, Format Version 12.00
# Visual Studio 2013
VisualStudioVersion = 12.0.21005.1
MinimumVisualStudioVersion = 10.0.40219.1
Project("{FAE04EC0-301F-11D3-BF4B-00C04F79EFBC}") = "MVCTest", "MVCTest\MVCTest.csproj", "{1FE1171C-039D-4FFB-9B51-96BCE643251E}"
EndProject
Project("{FAE04EC0-301F-11D3-BF4B-00C04F79EFBC}") = "MVCTest.DAL", "MVCTest.DAL\MVCTest.DAL.csproj", "{C5626B3E-AF0E-4BE3-B922-4DFB3DCFD3D6}"
EndProject
Project("{FAE04EC0-301F-11D3-BF4B-00C04F79EFBC}") = "MVCTest.Model", "MVCTest.Model\MVCTest.Model.csproj", "{D8691FA6-4F6F-401F-801C-B3B5CF1DBEFD}"
EndProject
Global
	GlobalSection(SolutionConfigurationPlatforms) = preSolution
		Debug|Any CPU = Debug|Any CPU
		Release|Any CPU = Release|Any CPU
	EndGlobalSection
	GlobalSection(ProjectConfigurationPlatforms) = postSolution
		{1FE1171C-039D-4FFB-9B51-96BCE643251E}.Debug|Any CPU.ActiveCfg = Debug|Any CPU
		{1FE1171C-039D-4FFB-9B51-96BCE643251E}.Debug|Any CPU.Build.0 = Debug|Any CPU
		{1FE1171C-039D-4FFB-9B51-96BCE643251E}.Release|Any CPU.ActiveCfg = Release|Any CPU
		{1FE1171C-039D-4FFB-9B51-96BCE643251E}.Release|Any CPU.Build.0 = Release|Any CPU
		{C5626B3E-AF0E-4BE3-B922-4DFB3DCFD3D6}.Debug|Any CPU.ActiveCfg = Debug|Any CPU
		{C5626B3E-AF0E-4BE3-B922-4DFB3DCFD3D6}.Debug|Any CPU.Build.0 = Debug|Any CPU
		{C5626B3E-AF0E-4BE3-B922-4DFB3DCFD3D6}.Release|Any CPU.ActiveCfg = Release|Any CPU
		{C5626B3E-AF0E-4BE3-B922-4DFB3DCFD3D6}.Release|Any CPU.Build.0 = Release|Any CPU
		{D8691FA6-4F6F-401F-801C-B3B5CF1DBEFD}.Debug|Any CPU.ActiveCfg = Debug|Any CPU
		{D8691FA6-4F6F-401F-801C-B3B5CF1DBEFD}.Debug|Any CPU.Build.0 = Debug|Any CPU
		{D8691FA6-4F6F-401F-801C-B3B5CF1DBEFD}.Release|Any CPU.ActiveCfg = Release|Any CPU
		{D8691FA6-4F6F-401F-801C-B3B5CF1DBEFD}.Release|Any CPU.Build.0 = Release|Any CPU
	EndGlobalSection
	GlobalSection(SolutionProperties) = preSolution
		HideSolutionNode = FALSE
	EndGlobalSection
EndGlobal
